
Microsoft Visual Studio Solution File, Format Version 12.00
# Visual Studio Version 17
VisualStudioVersion = 17.4.33205.214
MinimumVisualStudioVersion = 10.0.40219.1
Project("{FAE04EC0-301F-11D3-BF4B-00C04F79EFBC}") = "Square Matrix Multiplication", "Square Matrix Multiplication\Square Matrix Multiplication.csproj", "{87ABC5E8-2192-435B-BEA7-692C460D8FCB}"
EndProject
Project("{FAE04EC0-301F-11D3-BF4B-00C04F79EFBC}") = "Square Matrix MultiplicationNUnit", "Square Matrix MultiplicationNUnit\Square Matrix MultiplicationNUnit.csproj", "{525F0FA6-3F97-4337-B867-FC16DAD9EF97}"
EndProject
Global
	GlobalSection(SolutionConfigurationPlatforms) = preSolution
		Debug|Any CPU = Debug|Any CPU
		Release|Any CPU = Release|Any CPU
	EndGlobalSection
	GlobalSection(ProjectConfigurationPlatforms) = postSolution
		{87ABC5E8-2192-435B-BEA7-692C460D8FCB}.Debug|Any CPU.ActiveCfg = Debug|Any CPU
		{87ABC5E8-2192-435B-BEA7-692C460D8FCB}.Debug|Any CPU.Build.0 = Debug|Any CPU
		{87ABC5E8-2192-435B-BEA7-692C460D8FCB}.Release|Any CPU.ActiveCfg = Release|Any CPU
		{87ABC5E8-2192-435B-BEA7-692C460D8FCB}.Release|Any CPU.Build.0 = Release|Any CPU
		{525F0FA6-3F97-4337-B867-FC16DAD9EF97}.Debug|Any CPU.ActiveCfg = Debug|Any CPU
		{525F0FA6-3F97-4337-B867-FC16DAD9EF97}.Debug|Any CPU.Build.0 = Debug|Any CPU
		{525F0FA6-3F97-4337-B867-FC16DAD9EF97}.Release|Any CPU.ActiveCfg = Release|Any CPU
		{525F0FA6-3F97-4337-B867-FC16DAD9EF97}.Release|Any CPU.Build.0 = Release|Any CPU
	EndGlobalSection
	GlobalSection(SolutionProperties) = preSolution
		HideSolutionNode = FALSE
	EndGlobalSection
	GlobalSection(ExtensibilityGlobals) = postSolution
		SolutionGuid = {0AE8771A-E5CB-433E-9447-538FFFB54910}
	EndGlobalSection
EndGlobal
